// !$*UTF8*$!
{
	archiveVersion = 1;
	classes = {
	};
	objectVersion = 46;
	objects = {

/* Begin PBXBuildFile section */
		0826A54ED5AA4255830BB388 /* libPods.a in Frameworks */ = {isa = PBXBuildFile; fileRef = D16A3E764ECE44ADB42DDD84 /* libPods.a */; };
		9E25BD8419C7E3C800CFAEF8 /* HRSliderController.m in Sources */ = {isa = PBXBuildFile; fileRef = 9E25BD8319C7E3C800CFAEF8 /* HRSliderController.m */; };
		9E25BD8719C7E53600CFAEF8 /* ClassModel.m in Sources */ = {isa = PBXBuildFile; fileRef = 9E25BD8619C7E53600CFAEF8 /* ClassModel.m */; };
		9E739FA119C170B300CF6425 /* Foundation.framework in Frameworks */ = {isa = PBXBuildFile; fileRef = 9E739FA019C170B300CF6425 /* Foundation.framework */; };
		9E739FA319C170B300CF6425 /* CoreGraphics.framework in Frameworks */ = {isa = PBXBuildFile; fileRef = 9E739FA219C170B300CF6425 /* CoreGraphics.framework */; };
		9E739FA519C170B300CF6425 /* UIKit.framework in Frameworks */ = {isa = PBXBuildFile; fileRef = 9E739FA419C170B300CF6425 /* UIKit.framework */; };
		9E739FA719C170B300CF6425 /* CoreData.framework in Frameworks */ = {isa = PBXBuildFile; fileRef = 9E739FA619C170B300CF6425 /* CoreData.framework */; };
		9E739FAD19C170B300CF6425 /* InfoPlist.strings in Resources */ = {isa = PBXBuildFile; fileRef = 9E739FAB19C170B300CF6425 /* InfoPlist.strings */; };
		9E739FAF19C170B300CF6425 /* main.m in Sources */ = {isa = PBXBuildFile; fileRef = 9E739FAE19C170B300CF6425 /* main.m */; };
		9E739FB319C170B300CF6425 /* JDAppDelegate.m in Sources */ = {isa = PBXBuildFile; fileRef = 9E739FB219C170B300CF6425 /* JDAppDelegate.m */; };
		9E739FB619C170B300CF6425 /* HuoyanReader.xcdatamodeld in Sources */ = {isa = PBXBuildFile; fileRef = 9E739FB419C170B300CF6425 /* HuoyanReader.xcdatamodeld */; };
		9E739FB819C170B400CF6425 /* Images.xcassets in Resources */ = {isa = PBXBuildFile; fileRef = 9E739FB719C170B400CF6425 /* Images.xcassets */; };
		9E739FBF19C170B400CF6425 /* XCTest.framework in Frameworks */ = {isa = PBXBuildFile; fileRef = 9E739FBE19C170B400CF6425 /* XCTest.framework */; };
		9E739FC019C170B400CF6425 /* Foundation.framework in Frameworks */ = {isa = PBXBuildFile; fileRef = 9E739FA019C170B300CF6425 /* Foundation.framework */; };
		9E739FC119C170B400CF6425 /* UIKit.framework in Frameworks */ = {isa = PBXBuildFile; fileRef = 9E739FA419C170B300CF6425 /* UIKit.framework */; };
		9E739FC219C170B400CF6425 /* CoreData.framework in Frameworks */ = {isa = PBXBuildFile; fileRef = 9E739FA619C170B300CF6425 /* CoreData.framework */; };
		9E739FCA19C170B400CF6425 /* InfoPlist.strings in Resources */ = {isa = PBXBuildFile; fileRef = 9E739FC819C170B400CF6425 /* InfoPlist.strings */; };
		9E739FCC19C170B400CF6425 /* HuoyanReaderTests.m in Sources */ = {isa = PBXBuildFile; fileRef = 9E739FCB19C170B400CF6425 /* HuoyanReaderTests.m */; };
		9E73A01C19C1786100CF6425 /* ECSlidingViewController.m in Sources */ = {isa = PBXBuildFile; fileRef = 9E73A01919C1786100CF6425 /* ECSlidingViewController.m */; };
		9E73A01D19C1786100CF6425 /* UIImage+ImageWithUIView.m in Sources */ = {isa = PBXBuildFile; fileRef = 9E73A01B19C1786100CF6425 /* UIImage+ImageWithUIView.m */; };
		9E73A03E19C181FE00CF6425 /* JDLogger.m in Sources */ = {isa = PBXBuildFile; fileRef = 9E73A03D19C181FE00CF6425 /* JDLogger.m */; };
		9E73A04219C1DC0800CF6425 /* JDRootViewController.m in Sources */ = {isa = PBXBuildFile; fileRef = 9E73A04019C1DC0800CF6425 /* JDRootViewController.m */; };
		9E73A04319C1DC0800CF6425 /* JDRootViewController.xib in Resources */ = {isa = PBXBuildFile; fileRef = 9E73A04119C1DC0800CF6425 /* JDRootViewController.xib */; };
		9E73A04819C1DDD800CF6425 /* JDFollowBooksViewController.m in Sources */ = {isa = PBXBuildFile; fileRef = 9E73A04619C1DDD800CF6425 /* JDFollowBooksViewController.m */; };
		9E73A04919C1DDD800CF6425 /* JDFollowBooksViewController.xib in Resources */ = {isa = PBXBuildFile; fileRef = 9E73A04719C1DDD800CF6425 /* JDFollowBooksViewController.xib */; };
		9E73A04D19C1E0FD00CF6425 /* JDMainWindow.m in Sources */ = {isa = PBXBuildFile; fileRef = 9E73A04C19C1E0FD00CF6425 /* JDMainWindow.m */; };
		9E73A05219C1E20900CF6425 /* JDLoginViewController.m in Sources */ = {isa = PBXBuildFile; fileRef = 9E73A05019C1E20900CF6425 /* JDLoginViewController.m */; };
		9E73A05319C1E20900CF6425 /* JDLoginViewController.xib in Resources */ = {isa = PBXBuildFile; fileRef = 9E73A05119C1E20900CF6425 /* JDLoginViewController.xib */; };
		9E73A05719C1E2D300CF6425 /* JDRenderHelper.m in Sources */ = {isa = PBXBuildFile; fileRef = 9E73A05619C1E2D300CF6425 /* JDRenderHelper.m */; };
		9E73A05C19C1E47000CF6425 /* JDMenuViewController.m in Sources */ = {isa = PBXBuildFile; fileRef = 9E73A05A19C1E47000CF6425 /* JDMenuViewController.m */; };
		9E73A05D19C1E47000CF6425 /* JDMenuViewController.xib in Resources */ = {isa = PBXBuildFile; fileRef = 9E73A05B19C1E47000CF6425 /* JDMenuViewController.xib */; };
/* End PBXBuildFile section */

/* Begin PBXContainerItemProxy section */
		9E739FC319C170B400CF6425 /* PBXContainerItemProxy */ = {
			isa = PBXContainerItemProxy;
			containerPortal = 9E739F9519C170B300CF6425 /* Project object */;
			proxyType = 1;
			remoteGlobalIDString = 9E739F9C19C170B300CF6425;
			remoteInfo = HuoyanReader;
		};
/* End PBXContainerItemProxy section */

/* Begin PBXFileReference section */
		7C60583491BF4F349E40891E /* Pods.xcconfig */ = {isa = PBXFileReference; includeInIndex = 1; lastKnownFileType = text.xcconfig; name = Pods.xcconfig; path = Pods/Pods.xcconfig; sourceTree = "<group>"; };
		9E25BD8219C7E3C800CFAEF8 /* HRSliderController.h */ = {isa = PBXFileReference; fileEncoding = 4; lastKnownFileType = sourcecode.c.h; path = HRSliderController.h; sourceTree = "<group>"; };
		9E25BD8319C7E3C800CFAEF8 /* HRSliderController.m */ = {isa = PBXFileReference; fileEncoding = 4; lastKnownFileType = sourcecode.c.objc; path = HRSliderController.m; sourceTree = "<group>"; };
		9E25BD8519C7E53600CFAEF8 /* ClassModel.h */ = {isa = PBXFileReference; fileEncoding = 4; lastKnownFileType = sourcecode.c.h; path = ClassModel.h; sourceTree = "<group>"; };
		9E25BD8619C7E53600CFAEF8 /* ClassModel.m */ = {isa = PBXFileReference; fileEncoding = 4; lastKnownFileType = sourcecode.c.objc; path = ClassModel.m; sourceTree = "<group>"; };
		9E739F9D19C170B300CF6425 /* HuoyanReader.app */ = {isa = PBXFileReference; explicitFileType = wrapper.application; includeInIndex = 0; path = HuoyanReader.app; sourceTree = BUILT_PRODUCTS_DIR; };
		9E739FA019C170B300CF6425 /* Foundation.framework */ = {isa = PBXFileReference; lastKnownFileType = wrapper.framework; name = Foundation.framework; path = System/Library/Frameworks/Foundation.framework; sourceTree = SDKROOT; };
		9E739FA219C170B300CF6425 /* CoreGraphics.framework */ = {isa = PBXFileReference; lastKnownFileType = wrapper.framework; name = CoreGraphics.framework; path = System/Library/Frameworks/CoreGraphics.framework; sourceTree = SDKROOT; };
		9E739FA419C170B300CF6425 /* UIKit.framework */ = {isa = PBXFileReference; lastKnownFileType = wrapper.framework; name = UIKit.framework; path = System/Library/Frameworks/UIKit.framework; sourceTree = SDKROOT; };
		9E739FA619C170B300CF6425 /* CoreData.framework */ = {isa = PBXFileReference; lastKnownFileType = wrapper.framework; name = CoreData.framework; path = System/Library/Frameworks/CoreData.framework; sourceTree = SDKROOT; };
		9E739FAA19C170B300CF6425 /* HuoyanReader-Info.plist */ = {isa = PBXFileReference; lastKnownFileType = text.plist.xml; path = "HuoyanReader-Info.plist"; sourceTree = "<group>"; };
		9E739FAC19C170B300CF6425 /* en */ = {isa = PBXFileReference; lastKnownFileType = text.plist.strings; name = en; path = en.lproj/InfoPlist.strings; sourceTree = "<group>"; };
		9E739FAE19C170B300CF6425 /* main.m */ = {isa = PBXFileReference; lastKnownFileType = sourcecode.c.objc; path = main.m; sourceTree = "<group>"; };
		9E739FB019C170B300CF6425 /* HuoyanReader-Prefix.pch */ = {isa = PBXFileReference; lastKnownFileType = sourcecode.c.h; path = "HuoyanReader-Prefix.pch"; sourceTree = "<group>"; };
		9E739FB119C170B300CF6425 /* JDAppDelegate.h */ = {isa = PBXFileReference; lastKnownFileType = sourcecode.c.h; path = JDAppDelegate.h; sourceTree = "<group>"; };
		9E739FB219C170B300CF6425 /* JDAppDelegate.m */ = {isa = PBXFileReference; lastKnownFileType = sourcecode.c.objc; path = JDAppDelegate.m; sourceTree = "<group>"; };
		9E739FB519C170B300CF6425 /* HuoyanReader.xcdatamodel */ = {isa = PBXFileReference; lastKnownFileType = wrapper.xcdatamodel; path = HuoyanReader.xcdatamodel; sourceTree = "<group>"; };
		9E739FB719C170B400CF6425 /* Images.xcassets */ = {isa = PBXFileReference; lastKnownFileType = folder.assetcatalog; path = Images.xcassets; sourceTree = "<group>"; };
		9E739FBD19C170B400CF6425 /* HuoyanReaderTests.xctest */ = {isa = PBXFileReference; explicitFileType = wrapper.cfbundle; includeInIndex = 0; path = HuoyanReaderTests.xctest; sourceTree = BUILT_PRODUCTS_DIR; };
		9E739FBE19C170B400CF6425 /* XCTest.framework */ = {isa = PBXFileReference; lastKnownFileType = wrapper.framework; name = XCTest.framework; path = Library/Frameworks/XCTest.framework; sourceTree = DEVELOPER_DIR; };
		9E739FC719C170B400CF6425 /* HuoyanReaderTests-Info.plist */ = {isa = PBXFileReference; lastKnownFileType = text.plist.xml; path = "HuoyanReaderTests-Info.plist"; sourceTree = "<group>"; };
		9E739FC919C170B400CF6425 /* en */ = {isa = PBXFileReference; lastKnownFileType = text.plist.strings; name = en; path = en.lproj/InfoPlist.strings; sourceTree = "<group>"; };
		9E739FCB19C170B400CF6425 /* HuoyanReaderTests.m */ = {isa = PBXFileReference; lastKnownFileType = sourcecode.c.objc; path = HuoyanReaderTests.m; sourceTree = "<group>"; };
		9E73A01819C1786100CF6425 /* ECSlidingViewController.h */ = {isa = PBXFileReference; fileEncoding = 4; lastKnownFileType = sourcecode.c.h; path = ECSlidingViewController.h; sourceTree = "<group>"; };
		9E73A01919C1786100CF6425 /* ECSlidingViewController.m */ = {isa = PBXFileReference; fileEncoding = 4; lastKnownFileType = sourcecode.c.objc; path = ECSlidingViewController.m; sourceTree = "<group>"; };
		9E73A01A19C1786100CF6425 /* UIImage+ImageWithUIView.h */ = {isa = PBXFileReference; fileEncoding = 4; lastKnownFileType = sourcecode.c.h; path = "UIImage+ImageWithUIView.h"; sourceTree = "<group>"; };
		9E73A01B19C1786100CF6425 /* UIImage+ImageWithUIView.m */ = {isa = PBXFileReference; fileEncoding = 4; lastKnownFileType = sourcecode.c.objc; path = "UIImage+ImageWithUIView.m"; sourceTree = "<group>"; };
		9E73A03C19C181FE00CF6425 /* JDLogger.h */ = {isa = PBXFileReference; fileEncoding = 4; lastKnownFileType = sourcecode.c.h; path = JDLogger.h; sourceTree = "<group>"; };
		9E73A03D19C181FE00CF6425 /* JDLogger.m */ = {isa = PBXFileReference; fileEncoding = 4; lastKnownFileType = sourcecode.c.objc; path = JDLogger.m; sourceTree = "<group>"; };
		9E73A03F19C1DC0800CF6425 /* JDRootViewController.h */ = {isa = PBXFileReference; fileEncoding = 4; lastKnownFileType = sourcecode.c.h; path = JDRootViewController.h; sourceTree = "<group>"; };
		9E73A04019C1DC0800CF6425 /* JDRootViewController.m */ = {isa = PBXFileReference; fileEncoding = 4; lastKnownFileType = sourcecode.c.objc; path = JDRootViewController.m; sourceTree = "<group>"; };
		9E73A04119C1DC0800CF6425 /* JDRootViewController.xib */ = {isa = PBXFileReference; fileEncoding = 4; lastKnownFileType = file.xib; path = JDRootViewController.xib; sourceTree = "<group>"; };
		9E73A04519C1DDD800CF6425 /* JDFollowBooksViewController.h */ = {isa = PBXFileReference; fileEncoding = 4; lastKnownFileType = sourcecode.c.h; path = JDFollowBooksViewController.h; sourceTree = "<group>"; };
		9E73A04619C1DDD800CF6425 /* JDFollowBooksViewController.m */ = {isa = PBXFileReference; fileEncoding = 4; lastKnownFileType = sourcecode.c.objc; path = JDFollowBooksViewController.m; sourceTree = "<group>"; };
		9E73A04719C1DDD800CF6425 /* JDFollowBooksViewController.xib */ = {isa = PBXFileReference; fileEncoding = 4; lastKnownFileType = file.xib; path = JDFollowBooksViewController.xib; sourceTree = "<group>"; };
		9E73A04B19C1E0FD00CF6425 /* JDMainWindow.h */ = {isa = PBXFileReference; fileEncoding = 4; lastKnownFileType = sourcecode.c.h; path = JDMainWindow.h; sourceTree = "<group>"; };
		9E73A04C19C1E0FD00CF6425 /* JDMainWindow.m */ = {isa = PBXFileReference; fileEncoding = 4; lastKnownFileType = sourcecode.c.objc; path = JDMainWindow.m; sourceTree = "<group>"; };
		9E73A04F19C1E20900CF6425 /* JDLoginViewController.h */ = {isa = PBXFileReference; fileEncoding = 4; lastKnownFileType = sourcecode.c.h; path = JDLoginViewController.h; sourceTree = "<group>"; };
		9E73A05019C1E20900CF6425 /* JDLoginViewController.m */ = {isa = PBXFileReference; fileEncoding = 4; lastKnownFileType = sourcecode.c.objc; path = JDLoginViewController.m; sourceTree = "<group>"; };
		9E73A05119C1E20900CF6425 /* JDLoginViewController.xib */ = {isa = PBXFileReference; fileEncoding = 4; lastKnownFileType = file.xib; path = JDLoginViewController.xib; sourceTree = "<group>"; };
		9E73A05519C1E2D300CF6425 /* JDRenderHelper.h */ = {isa = PBXFileReference; fileEncoding = 4; lastKnownFileType = sourcecode.c.h; path = JDRenderHelper.h; sourceTree = "<group>"; };
		9E73A05619C1E2D300CF6425 /* JDRenderHelper.m */ = {isa = PBXFileReference; fileEncoding = 4; lastKnownFileType = sourcecode.c.objc; path = JDRenderHelper.m; sourceTree = "<group>"; };
		9E73A05919C1E47000CF6425 /* JDMenuViewController.h */ = {isa = PBXFileReference; fileEncoding = 4; lastKnownFileType = sourcecode.c.h; path = JDMenuViewController.h; sourceTree = "<group>"; };
		9E73A05A19C1E47000CF6425 /* JDMenuViewController.m */ = {isa = PBXFileReference; fileEncoding = 4; lastKnownFileType = sourcecode.c.objc; path = JDMenuViewController.m; sourceTree = "<group>"; };
		9E73A05B19C1E47000CF6425 /* JDMenuViewController.xib */ = {isa = PBXFileReference; fileEncoding = 4; lastKnownFileType = file.xib; path = JDMenuViewController.xib; sourceTree = "<group>"; };
		D16A3E764ECE44ADB42DDD84 /* libPods.a */ = {isa = PBXFileReference; explicitFileType = archive.ar; includeInIndex = 0; path = libPods.a; sourceTree = BUILT_PRODUCTS_DIR; };
/* End PBXFileReference section */

/* Begin PBXFrameworksBuildPhase section */
		9E739F9A19C170B300CF6425 /* Frameworks */ = {
			isa = PBXFrameworksBuildPhase;
			buildActionMask = 2147483647;
			files = (
				9E739FA319C170B300CF6425 /* CoreGraphics.framework in Frameworks */,
				9E739FA719C170B300CF6425 /* CoreData.framework in Frameworks */,
				9E739FA519C170B300CF6425 /* UIKit.framework in Frameworks */,
				9E739FA119C170B300CF6425 /* Foundation.framework in Frameworks */,
				0826A54ED5AA4255830BB388 /* libPods.a in Frameworks */,
			);
			runOnlyForDeploymentPostprocessing = 0;
		};
		9E739FBA19C170B400CF6425 /* Frameworks */ = {
			isa = PBXFrameworksBuildPhase;
			buildActionMask = 2147483647;
			files = (
				9E739FBF19C170B400CF6425 /* XCTest.framework in Frameworks */,
				9E739FC219C170B400CF6425 /* CoreData.framework in Frameworks */,
				9E739FC119C170B400CF6425 /* UIKit.framework in Frameworks */,
				9E739FC019C170B400CF6425 /* Foundation.framework in Frameworks */,
			);
			runOnlyForDeploymentPostprocessing = 0;
		};
/* End PBXFrameworksBuildPhase section */

/* Begin PBXGroup section */
		9E25BD8119C7E37400CFAEF8 /* HRSliderController */ = {
			isa = PBXGroup;
			children = (
				9E25BD8519C7E53600CFAEF8 /* ClassModel.h */,
				9E25BD8619C7E53600CFAEF8 /* ClassModel.m */,
				9E25BD8219C7E3C800CFAEF8 /* HRSliderController.h */,
				9E25BD8319C7E3C800CFAEF8 /* HRSliderController.m */,
			);
			path = HRSliderController;
			sourceTree = "<group>";
		};
		9E739F9419C170B300CF6425 = {
			isa = PBXGroup;
			children = (
				9E739FA819C170B300CF6425 /* Classes */,
				9E739FC519C170B400CF6425 /* HuoyanReaderTests */,
				9E739F9F19C170B300CF6425 /* Frameworks */,
				9E739F9E19C170B300CF6425 /* Products */,
				7C60583491BF4F349E40891E /* Pods.xcconfig */,
			);
			sourceTree = "<group>";
		};
		9E739F9E19C170B300CF6425 /* Products */ = {
			isa = PBXGroup;
			children = (
				9E739F9D19C170B300CF6425 /* HuoyanReader.app */,
				9E739FBD19C170B400CF6425 /* HuoyanReaderTests.xctest */,
			);
			name = Products;
			sourceTree = "<group>";
		};
		9E739F9F19C170B300CF6425 /* Frameworks */ = {
			isa = PBXGroup;
			children = (
				9E739FA019C170B300CF6425 /* Foundation.framework */,
				9E739FA219C170B300CF6425 /* CoreGraphics.framework */,
				9E739FA419C170B300CF6425 /* UIKit.framework */,
				9E739FA619C170B300CF6425 /* CoreData.framework */,
				9E739FBE19C170B400CF6425 /* XCTest.framework */,
				D16A3E764ECE44ADB42DDD84 /* libPods.a */,
			);
			name = Frameworks;
			sourceTree = "<group>";
		};
		9E739FA819C170B300CF6425 /* Classes */ = {
			isa = PBXGroup;
			children = (
				9E73A03A19C1819600CF6425 /* Utility */,
				9E73A01E19C178A100CF6425 /* UI */,
				9E73A01619C1786100CF6425 /* Libs */,
				9E739FB119C170B300CF6425 /* JDAppDelegate.h */,
				9E739FB219C170B300CF6425 /* JDAppDelegate.m */,
				9E739FB719C170B400CF6425 /* Images.xcassets */,
				9E739FB419C170B300CF6425 /* HuoyanReader.xcdatamodeld */,
				9E739FA919C170B300CF6425 /* Supporting Files */,
			);
			name = Classes;
			path = HuoyanReader;
			sourceTree = "<group>";
		};
		9E739FA919C170B300CF6425 /* Supporting Files */ = {
			isa = PBXGroup;
			children = (
				9E739FAA19C170B300CF6425 /* HuoyanReader-Info.plist */,
				9E739FAB19C170B300CF6425 /* InfoPlist.strings */,
				9E739FAE19C170B300CF6425 /* main.m */,
				9E739FB019C170B300CF6425 /* HuoyanReader-Prefix.pch */,
			);
			name = "Supporting Files";
			sourceTree = "<group>";
		};
		9E739FC519C170B400CF6425 /* HuoyanReaderTests */ = {
			isa = PBXGroup;
			children = (
				9E739FCB19C170B400CF6425 /* HuoyanReaderTests.m */,
				9E739FC619C170B400CF6425 /* Supporting Files */,
			);
			path = HuoyanReaderTests;
			sourceTree = "<group>";
		};
		9E739FC619C170B400CF6425 /* Supporting Files */ = {
			isa = PBXGroup;
			children = (
				9E739FC719C170B400CF6425 /* HuoyanReaderTests-Info.plist */,
				9E739FC819C170B400CF6425 /* InfoPlist.strings */,
			);
			name = "Supporting Files";
			sourceTree = "<group>";
		};
		9E73A01619C1786100CF6425 /* Libs */ = {
			isa = PBXGroup;
			children = (
				9E25BD8119C7E37400CFAEF8 /* HRSliderController */,
				9E73A01719C1786100CF6425 /* ECSlidingViewController */,
			);
			path = Libs;
			sourceTree = "<group>";
		};
		9E73A01719C1786100CF6425 /* ECSlidingViewController */ = {
			isa = PBXGroup;
			children = (
				9E73A01819C1786100CF6425 /* ECSlidingViewController.h */,
				9E73A01919C1786100CF6425 /* ECSlidingViewController.m */,
				9E73A01A19C1786100CF6425 /* UIImage+ImageWithUIView.h */,
				9E73A01B19C1786100CF6425 /* UIImage+ImageWithUIView.m */,
			);
			path = ECSlidingViewController;
			sourceTree = "<group>";
		};
		9E73A01E19C178A100CF6425 /* UI */ = {
			isa = PBXGroup;
			children = (
				9E73A05819C1E45A00CF6425 /* MenuViewController */,
				9E73A04E19C1E1F300CF6425 /* LoginViewController */,
				9E73A04A19C1E0E600CF6425 /* CustomView */,
				9E73A04419C1DD3300CF6425 /* FollowBooksViewController */,
				9E73A02319C17E5900CF6425 /* RootViewController */,
			);
			path = UI;
			sourceTree = "<group>";
		};
		9E73A02319C17E5900CF6425 /* RootViewController */ = {
			isa = PBXGroup;
			children = (
				9E73A03F19C1DC0800CF6425 /* JDRootViewController.h */,
				9E73A04019C1DC0800CF6425 /* JDRootViewController.m */,
				9E73A04119C1DC0800CF6425 /* JDRootViewController.xib */,
			);
			path = RootViewController;
			sourceTree = "<group>";
		};
		9E73A03A19C1819600CF6425 /* Utility */ = {
			isa = PBXGroup;
			children = (
				9E73A05419C1E2B700CF6425 /* Render */,
				9E73A03B19C181B200CF6425 /* Logging */,
			);
			path = Utility;
			sourceTree = "<group>";
		};
		9E73A03B19C181B200CF6425 /* Logging */ = {
			isa = PBXGroup;
			children = (
				9E73A03C19C181FE00CF6425 /* JDLogger.h */,
				9E73A03D19C181FE00CF6425 /* JDLogger.m */,
			);
			path = Logging;
			sourceTree = "<group>";
		};
		9E73A04419C1DD3300CF6425 /* FollowBooksViewController */ = {
			isa = PBXGroup;
			children = (
				9E73A04519C1DDD800CF6425 /* JDFollowBooksViewController.h */,
				9E73A04619C1DDD800CF6425 /* JDFollowBooksViewController.m */,
				9E73A04719C1DDD800CF6425 /* JDFollowBooksViewController.xib */,
			);
			path = FollowBooksViewController;
			sourceTree = "<group>";
		};
		9E73A04A19C1E0E600CF6425 /* CustomView */ = {
			isa = PBXGroup;
			children = (
				9E73A04B19C1E0FD00CF6425 /* JDMainWindow.h */,
				9E73A04C19C1E0FD00CF6425 /* JDMainWindow.m */,
			);
			path = CustomView;
			sourceTree = "<group>";
		};
		9E73A04E19C1E1F300CF6425 /* LoginViewController */ = {
			isa = PBXGroup;
			children = (
				9E73A04F19C1E20900CF6425 /* JDLoginViewController.h */,
				9E73A05019C1E20900CF6425 /* JDLoginViewController.m */,
				9E73A05119C1E20900CF6425 /* JDLoginViewController.xib */,
			);
			path = LoginViewController;
			sourceTree = "<group>";
		};
		9E73A05419C1E2B700CF6425 /* Render */ = {
			isa = PBXGroup;
			children = (
				9E73A05519C1E2D300CF6425 /* JDRenderHelper.h */,
				9E73A05619C1E2D300CF6425 /* JDRenderHelper.m */,
			);
			path = Render;
			sourceTree = "<group>";
		};
		9E73A05819C1E45A00CF6425 /* MenuViewController */ = {
			isa = PBXGroup;
			children = (
				9E73A05919C1E47000CF6425 /* JDMenuViewController.h */,
				9E73A05A19C1E47000CF6425 /* JDMenuViewController.m */,
				9E73A05B19C1E47000CF6425 /* JDMenuViewController.xib */,
			);
			path = MenuViewController;
			sourceTree = "<group>";
		};
/* End PBXGroup section */

/* Begin PBXNativeTarget section */
		9E739F9C19C170B300CF6425 /* HuoyanReader */ = {
			isa = PBXNativeTarget;
			buildConfigurationList = 9E739FCF19C170B400CF6425 /* Build configuration list for PBXNativeTarget "HuoyanReader" */;
			buildPhases = (
				FEF40815216F4546B7B40B15 /* Check Pods Manifest.lock */,
				9E739F9919C170B300CF6425 /* Sources */,
				9E739F9A19C170B300CF6425 /* Frameworks */,
				9E739F9B19C170B300CF6425 /* Resources */,
				49CA4B2B8D774A7A95F09229 /* Copy Pods Resources */,
			);
			buildRules = (
			);
			dependencies = (
			);
			name = HuoyanReader;
			productName = HuoyanReader;
			productReference = 9E739F9D19C170B300CF6425 /* HuoyanReader.app */;
			productType = "com.apple.product-type.application";
		};
		9E739FBC19C170B400CF6425 /* HuoyanReaderTests */ = {
			isa = PBXNativeTarget;
			buildConfigurationList = 9E739FD219C170B400CF6425 /* Build configuration list for PBXNativeTarget "HuoyanReaderTests" */;
			buildPhases = (
				9E739FB919C170B400CF6425 /* Sources */,
				9E739FBA19C170B400CF6425 /* Frameworks */,
				9E739FBB19C170B400CF6425 /* Resources */,
			);
			buildRules = (
			);
			dependencies = (
				9E739FC419C170B400CF6425 /* PBXTargetDependency */,
			);
			name = HuoyanReaderTests;
			productName = HuoyanReaderTests;
			productReference = 9E739FBD19C170B400CF6425 /* HuoyanReaderTests.xctest */;
			productType = "com.apple.product-type.bundle.unit-test";
		};
/* End PBXNativeTarget section */

/* Begin PBXProject section */
		9E739F9519C170B300CF6425 /* Project object */ = {
			isa = PBXProject;
			attributes = {
				CLASSPREFIX = JD;
				LastUpgradeCheck = 0510;
				ORGANIZATIONNAME = 0jiedian;
				TargetAttributes = {
					9E739FBC19C170B400CF6425 = {
						TestTargetID = 9E739F9C19C170B300CF6425;
					};
				};
			};
			buildConfigurationList = 9E739F9819C170B300CF6425 /* Build configuration list for PBXProject "HuoyanReader" */;
			compatibilityVersion = "Xcode 3.2";
			developmentRegion = English;
			hasScannedForEncodings = 0;
			knownRegions = (
				en,
			);
			mainGroup = 9E739F9419C170B300CF6425;
			productRefGroup = 9E739F9E19C170B300CF6425 /* Products */;
			projectDirPath = "";
			projectRoot = "";
			targets = (
				9E739F9C19C170B300CF6425 /* HuoyanReader */,
				9E739FBC19C170B400CF6425 /* HuoyanReaderTests */,
			);
		};
/* End PBXProject section */

/* Begin PBXResourcesBuildPhase section */
		9E739F9B19C170B300CF6425 /* Resources */ = {
			isa = PBXResourcesBuildPhase;
			buildActionMask = 2147483647;
			files = (
				9E73A05319C1E20900CF6425 /* JDLoginViewController.xib in Resources */,
				9E73A05D19C1E47000CF6425 /* JDMenuViewController.xib in Resources */,
				9E739FAD19C170B300CF6425 /* InfoPlist.strings in Resources */,
				9E73A04319C1DC0800CF6425 /* JDRootViewController.xib in Resources */,
				9E73A04919C1DDD800CF6425 /* JDFollowBooksViewController.xib in Resources */,
				9E739FB819C170B400CF6425 /* Images.xcassets in Resources */,
			);
			runOnlyForDeploymentPostprocessing = 0;
		};
		9E739FBB19C170B400CF6425 /* Resources */ = {
			isa = PBXResourcesBuildPhase;
			buildActionMask = 2147483647;
			files = (
				9E739FCA19C170B400CF6425 /* InfoPlist.strings in Resources */,
			);
			runOnlyForDeploymentPostprocessing = 0;
		};
/* End PBXResourcesBuildPhase section */

/* Begin PBXShellScriptBuildPhase section */
		49CA4B2B8D774A7A95F09229 /* Copy Pods Resources */ = {
			isa = PBXShellScriptBuildPhase;
			buildActionMask = 2147483647;
			files = (
			);
			inputPaths = (
			);
			name = "Copy Pods Resources";
			outputPaths = (
			);
			runOnlyForDeploymentPostprocessing = 0;
			shellPath = /bin/sh;
			shellScript = "\"${SRCROOT}/Pods/Pods-resources.sh\"\n";
			showEnvVarsInLog = 0;
		};
		FEF40815216F4546B7B40B15 /* Check Pods Manifest.lock */ = {
			isa = PBXShellScriptBuildPhase;
			buildActionMask = 2147483647;
			files = (
			);
			inputPaths = (
			);
			name = "Check Pods Manifest.lock";
			outputPaths = (
			);
			runOnlyForDeploymentPostprocessing = 0;
			shellPath = /bin/sh;
			shellScript = "diff \"${PODS_ROOT}/../Podfile.lock\" \"${PODS_ROOT}/Manifest.lock\" > /dev/null\nif [[ $? != 0 ]] ; then\n    cat << EOM\nerror: The sandbox is not in sync with the Podfile.lock. Run 'pod install' or update your CocoaPods installation.\nEOM\n    exit 1\nfi\n";
			showEnvVarsInLog = 0;
		};
/* End PBXShellScriptBuildPhase section */

/* Begin PBXSourcesBuildPhase section */
		9E739F9919C170B300CF6425 /* Sources */ = {
			isa = PBXSourcesBuildPhase;
			buildActionMask = 2147483647;
			files = (
				9E73A01D19C1786100CF6425 /* UIImage+ImageWithUIView.m in Sources */,
				9E739FB319C170B300CF6425 /* JDAppDelegate.m in Sources */,
				9E73A01C19C1786100CF6425 /* ECSlidingViewController.m in Sources */,
				9E73A04819C1DDD800CF6425 /* JDFollowBooksViewController.m in Sources */,
				9E73A04D19C1E0FD00CF6425 /* JDMainWindow.m in Sources */,
				9E73A05719C1E2D300CF6425 /* JDRenderHelper.m in Sources */,
				9E739FB619C170B300CF6425 /* HuoyanReader.xcdatamodeld in Sources */,
				9E73A05219C1E20900CF6425 /* JDLoginViewController.m in Sources */,
				9E73A03E19C181FE00CF6425 /* JDLogger.m in Sources */,
				9E25BD8419C7E3C800CFAEF8 /* HRSliderController.m in Sources */,
				9E73A04219C1DC0800CF6425 /* JDRootViewController.m in Sources */,
				9E739FAF19C170B300CF6425 /* main.m in Sources */,
				9E25BD8719C7E53600CFAEF8 /* ClassModel.m in Sources */,
				9E73A05C19C1E47000CF6425 /* JDMenuViewController.m in Sources */,
			);
			runOnlyForDeploymentPostprocessing = 0;
		};
		9E739FB919C170B400CF6425 /* Sources */ = {
			isa = PBXSourcesBuildPhase;
			buildActionMask = 2147483647;
			files = (
				9E739FCC19C170B400CF6425 /* HuoyanReaderTests.m in Sources */,
			);
			runOnlyForDeploymentPostprocessing = 0;
		};
/* End PBXSourcesBuildPhase section */

/* Begin PBXTargetDependency section */
		9E739FC419C170B400CF6425 /* PBXTargetDependency */ = {
			isa = PBXTargetDependency;
			target = 9E739F9C19C170B300CF6425 /* HuoyanReader */;
			targetProxy = 9E739FC319C170B400CF6425 /* PBXContainerItemProxy */;
		};
/* End PBXTargetDependency section */

/* Begin PBXVariantGroup section */
		9E739FAB19C170B300CF6425 /* InfoPlist.strings */ = {
			isa = PBXVariantGroup;
			children = (
				9E739FAC19C170B300CF6425 /* en */,
			);
			name = InfoPlist.strings;
			sourceTree = "<group>";
		};
		9E739FC819C170B400CF6425 /* InfoPlist.strings */ = {
			isa = PBXVariantGroup;
			children = (
				9E739FC919C170B400CF6425 /* en */,
			);
			name = InfoPlist.strings;
			sourceTree = "<group>";
		};
/* End PBXVariantGroup section */

/* Begin XCBuildConfiguration section */
		9E739FCD19C170B400CF6425 /* Debug */ = {
			isa = XCBuildConfiguration;
			buildSettings = {
				ALWAYS_SEARCH_USER_PATHS = NO;
				CLANG_CXX_LANGUAGE_STANDARD = "gnu++0x";
				CLANG_CXX_LIBRARY = "libc++";
				CLANG_ENABLE_MODULES = YES;
				CLANG_ENABLE_OBJC_ARC = YES;
				CLANG_WARN_BOOL_CONVERSION = YES;
				CLANG_WARN_CONSTANT_CONVERSION = YES;
				CLANG_WARN_DIRECT_OBJC_ISA_USAGE = YES_ERROR;
				CLANG_WARN_EMPTY_BODY = YES;
				CLANG_WARN_ENUM_CONVERSION = YES;
				CLANG_WARN_INT_CONVERSION = YES;
				CLANG_WARN_OBJC_ROOT_CLASS = YES_ERROR;
				CLANG_WARN__DUPLICATE_METHOD_MATCH = YES;
				"CODE_SIGN_IDENTITY[sdk=iphoneos*]" = "iPhone Developer";
				COPY_PHASE_STRIP = NO;
				GCC_C_LANGUAGE_STANDARD = gnu99;
				GCC_DYNAMIC_NO_PIC = NO;
				GCC_OPTIMIZATION_LEVEL = 0;
				GCC_PREPROCESSOR_DEFINITIONS = (
					"DEBUG=1",
					"$(inherited)",
				);
				GCC_SYMBOLS_PRIVATE_EXTERN = NO;
				GCC_WARN_64_TO_32_BIT_CONVERSION = YES;
				GCC_WARN_ABOUT_RETURN_TYPE = YES_ERROR;
				GCC_WARN_UNDECLARED_SELECTOR = YES;
				GCC_WARN_UNINITIALIZED_AUTOS = YES_AGGRESSIVE;
				GCC_WARN_UNUSED_FUNCTION = YES;
				GCC_WARN_UNUSED_VARIABLE = YES;
				IPHONEOS_DEPLOYMENT_TARGET = 7.1;
				ONLY_ACTIVE_ARCH = YES;
				SDKROOT = iphoneos;
			};
			name = Debug;
		};
		9E739FCE19C170B400CF6425 /* Release */ = {
			isa = XCBuildConfiguration;
			buildSettings = {
				ALWAYS_SEARCH_USER_PATHS = NO;
				CLANG_CXX_LANGUAGE_STANDARD = "gnu++0x";
				CLANG_CXX_LIBRARY = "libc++";
				CLANG_ENABLE_MODULES = YES;
				CLANG_ENABLE_OBJC_ARC = YES;
				CLANG_WARN_BOOL_CONVERSION = YES;
				CLANG_WARN_CONSTANT_CONVERSION = YES;
				CLANG_WARN_DIRECT_OBJC_ISA_USAGE = YES_ERROR;
				CLANG_WARN_EMPTY_BODY = YES;
				CLANG_WARN_ENUM_CONVERSION = YES;
				CLANG_WARN_INT_CONVERSION = YES;
				CLANG_WARN_OBJC_ROOT_CLASS = YES_ERROR;
				CLANG_WARN__DUPLICATE_METHOD_MATCH = YES;
				"CODE_SIGN_IDENTITY[sdk=iphoneos*]" = "iPhone Developer";
				COPY_PHASE_STRIP = YES;
				ENABLE_NS_ASSERTIONS = NO;
				GCC_C_LANGUAGE_STANDARD = gnu99;
				GCC_WARN_64_TO_32_BIT_CONVERSION = YES;
				GCC_WARN_ABOUT_RETURN_TYPE = YES_ERROR;
				GCC_WARN_UNDECLARED_SELECTOR = YES;
				GCC_WARN_UNINITIALIZED_AUTOS = YES_AGGRESSIVE;
				GCC_WARN_UNUSED_FUNCTION = YES;
				GCC_WARN_UNUSED_VARIABLE = YES;
				IPHONEOS_DEPLOYMENT_TARGET = 7.1;
				SDKROOT = iphoneos;
				VALIDATE_PRODUCT = YES;
			};
			name = Release;
		};
		9E739FD019C170B400CF6425 /* Debug */ = {
			isa = XCBuildConfiguration;
			baseConfigurationReference = 7C60583491BF4F349E40891E /* Pods.xcconfig */;
			buildSettings = {
				ASSETCATALOG_COMPILER_APPICON_NAME = AppIcon;
				ASSETCATALOG_COMPILER_LAUNCHIMAGE_NAME = LaunchImage;
				GCC_PRECOMPILE_PREFIX_HEADER = YES;
				GCC_PREFIX_HEADER = "HuoyanReader/HuoyanReader-Prefix.pch";
				INFOPLIST_FILE = "HuoyanReader/HuoyanReader-Info.plist";
				PRODUCT_NAME = "$(TARGET_NAME)";
				WRAPPER_EXTENSION = app;
			};
			name = Debug;
		};
		9E739FD119C170B400CF6425 /* Release */ = {
			isa = XCBuildConfiguration;
			baseConfigurationReference = 7C60583491BF4F349E40891E /* Pods.xcconfig */;
			buildSettings = {
				ASSETCATALOG_COMPILER_APPICON_NAME = AppIcon;
				ASSETCATALOG_COMPILER_LAUNCHIMAGE_NAME = LaunchImage;
				GCC_PRECOMPILE_PREFIX_HEADER = YES;
				GCC_PREFIX_HEADER = "HuoyanReader/HuoyanReader-Prefix.pch";
				INFOPLIST_FILE = "HuoyanReader/HuoyanReader-Info.plist";
				PRODUCT_NAME = "$(TARGET_NAME)";
				WRAPPER_EXTENSION = app;
			};
			name = Release;
		};
		9E739FD319C170B400CF6425 /* Debug */ = {
			isa = XCBuildConfiguration;
			buildSettings = {
				BUNDLE_LOADER = "$(BUILT_PRODUCTS_DIR)/HuoyanReader.app/HuoyanReader";
				FRAMEWORK_SEARCH_PATHS = (
					"$(SDKROOT)/Developer/Library/Frameworks",
					"$(inherited)",
					"$(DEVELOPER_FRAMEWORKS_DIR)",
				);
				GCC_PRECOMPILE_PREFIX_HEADER = YES;
				GCC_PREFIX_HEADER = "HuoyanReader/HuoyanReader-Prefix.pch";
				GCC_PREPROCESSOR_DEFINITIONS = (
					"DEBUG=1",
					"$(inherited)",
				);
				INFOPLIST_FILE = "HuoyanReaderTests/HuoyanReaderTests-Info.plist";
				PRODUCT_NAME = "$(TARGET_NAME)";
				TEST_HOST = "$(BUNDLE_LOADER)";
				WRAPPER_EXTENSION = xctest;
			};
			name = Debug;
		};
		9E739FD419C170B400CF6425 /* Release */ = {
			isa = XCBuildConfiguration;
			buildSettings = {
				BUNDLE_LOADER = "$(BUILT_PRODUCTS_DIR)/HuoyanReader.app/HuoyanReader";
				FRAMEWORK_SEARCH_PATHS = (
					"$(SDKROOT)/Developer/Library/Frameworks",
					"$(inherited)",
					"$(DEVELOPER_FRAMEWORKS_DIR)",
				);
				GCC_PRECOMPILE_PREFIX_HEADER = YES;
				GCC_PREFIX_HEADER = "HuoyanReader/HuoyanReader-Prefix.pch";
				INFOPLIST_FILE = "HuoyanReaderTests/HuoyanReaderTests-Info.plist";
				PRODUCT_NAME = "$(TARGET_NAME)";
				TEST_HOST = "$(BUNDLE_LOADER)";
				WRAPPER_EXTENSION = xctest;
			};
			name = Release;
		};
/* End XCBuildConfiguration section */

/* Begin XCConfigurationList section */
		9E739F9819C170B300CF6425 /* Build configuration list for PBXProject "HuoyanReader" */ = {
			isa = XCConfigurationList;
			buildConfigurations = (
				9E739FCD19C170B400CF6425 /* Debug */,
				9E739FCE19C170B400CF6425 /* Release */,
			);
			defaultConfigurationIsVisible = 0;
			defaultConfigurationName = Release;
		};
		9E739FCF19C170B400CF6425 /* Build configuration list for PBXNativeTarget "HuoyanReader" */ = {
			isa = XCConfigurationList;
			buildConfigurations = (
				9E739FD019C170B400CF6425 /* Debug */,
				9E739FD119C170B400CF6425 /* Release */,
			);
			defaultConfigurationIsVisible = 0;
			defaultConfigurationName = Release;
		};
		9E739FD219C170B400CF6425 /* Build configuration list for PBXNativeTarget "HuoyanReaderTests" */ = {
			isa = XCConfigurationList;
			buildConfigurations = (
				9E739FD319C170B400CF6425 /* Debug */,
				9E739FD419C170B400CF6425 /* Release */,
			);
			defaultConfigurationIsVisible = 0;
			defaultConfigurationName = Release;
		};
/* End XCConfigurationList section */

/* Begin XCVersionGroup section */
		9E739FB419C170B300CF6425 /* HuoyanReader.xcdatamodeld */ = {
			isa = XCVersionGroup;
			children = (
				9E739FB519C170B300CF6425 /* HuoyanReader.xcdatamodel */,
			);
			currentVersion = 9E739FB519C170B300CF6425 /* HuoyanReader.xcdatamodel */;
			path = HuoyanReader.xcdatamodeld;
			sourceTree = "<group>";
			versionGroupType = wrapper.xcdatamodel;
		};
/* End XCVersionGroup section */
	};
	rootObject = 9E739F9519C170B300CF6425 /* Project object */;
}
